
Microsoft Visual Studio Solution File, Format Version 12.00
# Visual Studio Version 16
VisualStudioVersion = 16.0.30611.23
MinimumVisualStudioVersion = 10.0.40219.1
Project("{8BC9CEB8-8B4A-11D0-8D11-00A0C91BC942}") = "APExercicio4", "APExercicio4\APExercicio4.vcxproj", "{34B56064-0778-42D2-986B-7C0613DB56A5}"
EndProject
Global
	GlobalSection(SolutionConfigurationPlatforms) = preSolution
		Debug|x64 = Debug|x64
		Debug|x86 = Debug|x86
		Release|x64 = Release|x64
		Release|x86 = Release|x86
	EndGlobalSection
	GlobalSection(ProjectConfigurationPlatforms) = postSolution
		{34B56064-0778-42D2-986B-7C0613DB56A5}.Debug|x64.ActiveCfg = Debug|x64
		{34B56064-0778-42D2-986B-7C0613DB56A5}.Debug|x64.Build.0 = Debug|x64
		{34B56064-0778-42D2-986B-7C0613DB56A5}.Debug|x86.ActiveCfg = Debug|Win32
		{34B56064-0778-42D2-986B-7C0613DB56A5}.Debug|x86.Build.0 = Debug|Win32
		{34B56064-0778-42D2-986B-7C0613DB56A5}.Release|x64.ActiveCfg = Release|x64
		{34B56064-0778-42D2-986B-7C0613DB56A5}.Release|x64.Build.0 = Release|x64
		{34B56064-0778-42D2-986B-7C0613DB56A5}.Release|x86.ActiveCfg = Release|Win32
		{34B56064-0778-42D2-986B-7C0613DB56A5}.Release|x86.Build.0 = Release|Win32
	EndGlobalSection
	GlobalSection(SolutionProperties) = preSolution
		HideSolutionNode = FALSE
	EndGlobalSection
	GlobalSection(ExtensibilityGlobals) = postSolution
		SolutionGuid = {8F02AAB8-4013-480C-8D70-08B5B3C0059B}
	EndGlobalSection
EndGlobal
